
Microsoft Visual Studio Solution File, Format Version 12.00
# Visual Studio Version 16
VisualStudioVersion = 16.0.31515.178
MinimumVisualStudioVersion = 10.0.40219.1
Project("{9A19103F-16F7-4668-BE54-9A1E7A4F7556}") = "BruxoSistema", "BruxoSistema\BruxoSistema.csproj", "{F0DA7C7D-269C-4075-BD36-BD88CE1B6E33}"
EndProject
Project("{9A19103F-16F7-4668-BE54-9A1E7A4F7556}") = "BruxoBiblioteca", "BruxoBiblioteca\BruxoBiblioteca.csproj", "{9BC84C96-0804-42E8-8133-281644B56297}"
EndProject
Project("{FAE04EC0-301F-11D3-BF4B-00C04F79EFBC}") = "BruxoSistema.Testes", "BruxoSistema.Testes\BruxoSistema.Testes.csproj", "{5084F738-3E5E-45B2-A686-F9F99C765D1D}"
EndProject
Global
	GlobalSection(SolutionConfigurationPlatforms) = preSolution
		Debug|Any CPU = Debug|Any CPU
		Release|Any CPU = Release|Any CPU
	EndGlobalSection
	GlobalSection(ProjectConfigurationPlatforms) = postSolution
		{F0DA7C7D-269C-4075-BD36-BD88CE1B6E33}.Debug|Any CPU.ActiveCfg = Debug|Any CPU
		{F0DA7C7D-269C-4075-BD36-BD88CE1B6E33}.Debug|Any CPU.Build.0 = Debug|Any CPU
		{F0DA7C7D-269C-4075-BD36-BD88CE1B6E33}.Release|Any CPU.ActiveCfg = Release|Any CPU
		{F0DA7C7D-269C-4075-BD36-BD88CE1B6E33}.Release|Any CPU.Build.0 = Release|Any CPU
		{9BC84C96-0804-42E8-8133-281644B56297}.Debug|Any CPU.ActiveCfg = Debug|Any CPU
		{9BC84C96-0804-42E8-8133-281644B56297}.Debug|Any CPU.Build.0 = Debug|Any CPU
		{9BC84C96-0804-42E8-8133-281644B56297}.Release|Any CPU.ActiveCfg = Release|Any CPU
		{9BC84C96-0804-42E8-8133-281644B56297}.Release|Any CPU.Build.0 = Release|Any CPU
		{5084F738-3E5E-45B2-A686-F9F99C765D1D}.Debug|Any CPU.ActiveCfg = Debug|Any CPU
		{5084F738-3E5E-45B2-A686-F9F99C765D1D}.Debug|Any CPU.Build.0 = Debug|Any CPU
		{5084F738-3E5E-45B2-A686-F9F99C765D1D}.Release|Any CPU.ActiveCfg = Release|Any CPU
		{5084F738-3E5E-45B2-A686-F9F99C765D1D}.Release|Any CPU.Build.0 = Release|Any CPU
	EndGlobalSection
	GlobalSection(SolutionProperties) = preSolution
		HideSolutionNode = FALSE
	EndGlobalSection
	GlobalSection(ExtensibilityGlobals) = postSolution
		SolutionGuid = {71069B66-2821-49FE-B618-06AD6BFFDBD5}
	EndGlobalSection
EndGlobal
